
Microsoft Visual Studio Solution File, Format Version 12.00
# Visual Studio 15
VisualStudioVersion = 15.0.28010.2036
MinimumVisualStudioVersion = 10.0.40219.1
Project("{FAE04EC0-301F-11D3-BF4B-00C04F79EFBC}") = "API", "University\API.csproj", "{CA75A52E-C8AA-4C28-817E-C32B81DD4CC1}"
EndProject
Project("{FAE04EC0-301F-11D3-BF4B-00C04F79EFBC}") = "DAL", "DAL\DAL.csproj", "{1542A6E1-ACEC-42F7-AF67-F39EA444FBDB}"
EndProject
Project("{FAE04EC0-301F-11D3-BF4B-00C04F79EFBC}") = "BLL", "BLL\BLL.csproj", "{6CB6DAC9-DEE6-4524-B008-64ACE3A72A28}"
EndProject
Global
	GlobalSection(SolutionConfigurationPlatforms) = preSolution
		Debug|Any CPU = Debug|Any CPU
		Release|Any CPU = Release|Any CPU
	EndGlobalSection
	GlobalSection(ProjectConfigurationPlatforms) = postSolution
		{CA75A52E-C8AA-4C28-817E-C32B81DD4CC1}.Debug|Any CPU.ActiveCfg = Debug|Any CPU
		{CA75A52E-C8AA-4C28-817E-C32B81DD4CC1}.Debug|Any CPU.Build.0 = Debug|Any CPU
		{CA75A52E-C8AA-4C28-817E-C32B81DD4CC1}.Release|Any CPU.ActiveCfg = Release|Any CPU
		{CA75A52E-C8AA-4C28-817E-C32B81DD4CC1}.Release|Any CPU.Build.0 = Release|Any CPU
		{1542A6E1-ACEC-42F7-AF67-F39EA444FBDB}.Debug|Any CPU.ActiveCfg = Debug|Any CPU
		{1542A6E1-ACEC-42F7-AF67-F39EA444FBDB}.Debug|Any CPU.Build.0 = Debug|Any CPU
		{1542A6E1-ACEC-42F7-AF67-F39EA444FBDB}.Release|Any CPU.ActiveCfg = Release|Any CPU
		{1542A6E1-ACEC-42F7-AF67-F39EA444FBDB}.Release|Any CPU.Build.0 = Release|Any CPU
		{6CB6DAC9-DEE6-4524-B008-64ACE3A72A28}.Debug|Any CPU.ActiveCfg = Debug|Any CPU
		{6CB6DAC9-DEE6-4524-B008-64ACE3A72A28}.Debug|Any CPU.Build.0 = Debug|Any CPU
		{6CB6DAC9-DEE6-4524-B008-64ACE3A72A28}.Release|Any CPU.ActiveCfg = Release|Any CPU
		{6CB6DAC9-DEE6-4524-B008-64ACE3A72A28}.Release|Any CPU.Build.0 = Release|Any CPU
	EndGlobalSection
	GlobalSection(SolutionProperties) = preSolution
		HideSolutionNode = FALSE
	EndGlobalSection
	GlobalSection(ExtensibilityGlobals) = postSolution
		SolutionGuid = {AA051F51-B97D-46A4-888D-6AFB15A84ACC}
	EndGlobalSection
EndGlobal
